
Microsoft Visual Studio Solution File, Format Version 12.00
# Visual Studio Version 17
VisualStudioVersion = 17.7.33927.210
MinimumVisualStudioVersion = 10.0.40219.1
Project("{9A19103F-16F7-4668-BE54-9A1E7A4F7556}") = "СellEvolution", "СellEvolution\СellEvolution.csproj", "{9F98056B-9E47-4081-A7DB-0D78AB211DB4}"
EndProject
Project("{9A19103F-16F7-4668-BE54-9A1E7A4F7556}") = "CellEvolutionGraphics", "CellEvolutionGraphics\CellEvolutionGraphics.csproj", "{9E4D1F44-9073-41EF-AD91-660680076F77}"
EndProject
Project("{FAE04EC0-301F-11D3-BF4B-00C04F79EFBC}") = "EvolutionNetwork", "DDQNwithGA\EvolutionNetwork.csproj", "{EA2EAB7F-BA16-4930-AD27-93D3CB7FBEAA}"
EndProject
Global
	GlobalSection(SolutionConfigurationPlatforms) = preSolution
		Debug|Any CPU = Debug|Any CPU
		Release|Any CPU = Release|Any CPU
	EndGlobalSection
	GlobalSection(ProjectConfigurationPlatforms) = postSolution
		{9F98056B-9E47-4081-A7DB-0D78AB211DB4}.Debug|Any CPU.ActiveCfg = Debug|Any CPU
		{9F98056B-9E47-4081-A7DB-0D78AB211DB4}.Debug|Any CPU.Build.0 = Debug|Any CPU
		{9F98056B-9E47-4081-A7DB-0D78AB211DB4}.Release|Any CPU.ActiveCfg = Release|Any CPU
		{9F98056B-9E47-4081-A7DB-0D78AB211DB4}.Release|Any CPU.Build.0 = Release|Any CPU
		{9E4D1F44-9073-41EF-AD91-660680076F77}.Debug|Any CPU.ActiveCfg = Debug|Any CPU
		{9E4D1F44-9073-41EF-AD91-660680076F77}.Debug|Any CPU.Build.0 = Debug|Any CPU
		{9E4D1F44-9073-41EF-AD91-660680076F77}.Release|Any CPU.ActiveCfg = Release|Any CPU
		{9E4D1F44-9073-41EF-AD91-660680076F77}.Release|Any CPU.Build.0 = Release|Any CPU
		{EA2EAB7F-BA16-4930-AD27-93D3CB7FBEAA}.Debug|Any CPU.ActiveCfg = Debug|Any CPU
		{EA2EAB7F-BA16-4930-AD27-93D3CB7FBEAA}.Debug|Any CPU.Build.0 = Debug|Any CPU
		{EA2EAB7F-BA16-4930-AD27-93D3CB7FBEAA}.Release|Any CPU.ActiveCfg = Release|Any CPU
		{EA2EAB7F-BA16-4930-AD27-93D3CB7FBEAA}.Release|Any CPU.Build.0 = Release|Any CPU
	EndGlobalSection
	GlobalSection(SolutionProperties) = preSolution
		HideSolutionNode = FALSE
	EndGlobalSection
	GlobalSection(ExtensibilityGlobals) = postSolution
		SolutionGuid = {57C41793-8CB7-4463-B578-042EBE95247B}
	EndGlobalSection
EndGlobal
